
Microsoft Visual Studio Solution File, Format Version 12.00
# Visual Studio Version 16
VisualStudioVersion = 16.0.31424.327
MinimumVisualStudioVersion = 10.0.40219.1
Project("{FAE04EC0-301F-11D3-BF4B-00C04F79EFBC}") = "pkginfo", "pkginfo\pkginfo.csproj", "{A7EF868E-560F-4B55-B4FA-8AB71CA9F65D}"
EndProject
Global
	GlobalSection(SolutionConfigurationPlatforms) = preSolution
		Debug|Any CPU = Debug|Any CPU
		Release|Any CPU = Release|Any CPU
	EndGlobalSection
	GlobalSection(ProjectConfigurationPlatforms) = postSolution
		{A7EF868E-560F-4B55-B4FA-8AB71CA9F65D}.Debug|Any CPU.ActiveCfg = Debug|Any CPU
		{A7EF868E-560F-4B55-B4FA-8AB71CA9F65D}.Debug|Any CPU.Build.0 = Debug|Any CPU
		{A7EF868E-560F-4B55-B4FA-8AB71CA9F65D}.Release|Any CPU.ActiveCfg = Release|Any CPU
		{A7EF868E-560F-4B55-B4FA-8AB71CA9F65D}.Release|Any CPU.Build.0 = Release|Any CPU
	EndGlobalSection
	GlobalSection(SolutionProperties) = preSolution
		HideSolutionNode = FALSE
	EndGlobalSection
	GlobalSection(ExtensibilityGlobals) = postSolution
		SolutionGuid = {CF7BF62F-B517-430E-B3FE-6718A04E8991}
	EndGlobalSection
EndGlobal
